
Microsoft Visual Studio Solution File, Format Version 12.00
# Visual Studio Version 17
VisualStudioVersion = 17.7.34024.191
MinimumVisualStudioVersion = 10.0.40219.1
Project("{9A19103F-16F7-4668-BE54-9A1E7A4F7556}") = "Inheritance", "Inheritance\Inheritance.csproj", "{382B29A4-DCE4-4FB5-B221-019E129E6898}"
EndProject
Project("{9A19103F-16F7-4668-BE54-9A1E7A4F7556}") = "InheritanceCTOR", "InheritanceCTOR\InheritanceCTOR.csproj", "{D0F54BFF-35FB-45C4-A68F-58BEA850118E}"
EndProject
Project("{FAE04EC0-301F-11D3-BF4B-00C04F79EFBC}") = "InheritanceOverride", "InheritanceOverride\InheritanceOverride.csproj", "{48B2F3F7-CB6F-4101-A4D7-41365175A6C3}"
EndProject
Global
	GlobalSection(SolutionConfigurationPlatforms) = preSolution
		Debug|Any CPU = Debug|Any CPU
		Release|Any CPU = Release|Any CPU
	EndGlobalSection
	GlobalSection(ProjectConfigurationPlatforms) = postSolution
		{382B29A4-DCE4-4FB5-B221-019E129E6898}.Debug|Any CPU.ActiveCfg = Debug|Any CPU
		{382B29A4-DCE4-4FB5-B221-019E129E6898}.Debug|Any CPU.Build.0 = Debug|Any CPU
		{382B29A4-DCE4-4FB5-B221-019E129E6898}.Release|Any CPU.ActiveCfg = Release|Any CPU
		{382B29A4-DCE4-4FB5-B221-019E129E6898}.Release|Any CPU.Build.0 = Release|Any CPU
		{D0F54BFF-35FB-45C4-A68F-58BEA850118E}.Debug|Any CPU.ActiveCfg = Debug|Any CPU
		{D0F54BFF-35FB-45C4-A68F-58BEA850118E}.Debug|Any CPU.Build.0 = Debug|Any CPU
		{D0F54BFF-35FB-45C4-A68F-58BEA850118E}.Release|Any CPU.ActiveCfg = Release|Any CPU
		{D0F54BFF-35FB-45C4-A68F-58BEA850118E}.Release|Any CPU.Build.0 = Release|Any CPU
		{48B2F3F7-CB6F-4101-A4D7-41365175A6C3}.Debug|Any CPU.ActiveCfg = Debug|Any CPU
		{48B2F3F7-CB6F-4101-A4D7-41365175A6C3}.Debug|Any CPU.Build.0 = Debug|Any CPU
		{48B2F3F7-CB6F-4101-A4D7-41365175A6C3}.Release|Any CPU.ActiveCfg = Release|Any CPU
		{48B2F3F7-CB6F-4101-A4D7-41365175A6C3}.Release|Any CPU.Build.0 = Release|Any CPU
	EndGlobalSection
	GlobalSection(SolutionProperties) = preSolution
		HideSolutionNode = FALSE
	EndGlobalSection
	GlobalSection(ExtensibilityGlobals) = postSolution
		SolutionGuid = {C52E0337-58F5-4EF2-BBD5-4959647F8E79}
	EndGlobalSection
EndGlobal
