
Microsoft Visual Studio Solution File, Format Version 12.00
# Visual Studio Version 17
VisualStudioVersion = 17.7.34003.232
MinimumVisualStudioVersion = 10.0.40219.1
Project("{9A19103F-16F7-4668-BE54-9A1E7A4F7556}") = "Classes", "Classes\Classes.csproj", "{DD8B8A9C-4D29-4CC1-A021-AC5C2218214D}"
EndProject
Project("{9A19103F-16F7-4668-BE54-9A1E7A4F7556}") = "Objetos", "Objetos\Objetos.csproj", "{5F9E202F-F922-4682-AC63-71CC48AFE6F2}"
EndProject
Project("{9A19103F-16F7-4668-BE54-9A1E7A4F7556}") = "Metodos", "Metodos\Metodos.csproj", "{A442E44B-10C8-413D-BF93-BF6997BE369F}"
EndProject
Project("{9A19103F-16F7-4668-BE54-9A1E7A4F7556}") = "Metodos-Parametros", "Metodos-Parametros\Metodos-Parametros.csproj", "{EFCF72D0-0F76-4280-BA80-12164AC47766}"
EndProject
Project("{9A19103F-16F7-4668-BE54-9A1E7A4F7556}") = "Metodos-Parametros-2", "Metodos-Parametros-2\Metodos-Parametros-2.csproj", "{480214DF-5374-4F62-9956-19D1A92E045B}"
EndProject
Project("{9A19103F-16F7-4668-BE54-9A1E7A4F7556}") = "Construtor", "Construtor\Construtor.csproj", "{712D0376-6F18-41BC-9200-51A6A97BE032}"
EndProject
Project("{9A19103F-16F7-4668-BE54-9A1E7A4F7556}") = "This", "This\This.csproj", "{AB2B3549-4223-4B3E-AED8-CCD7B4C32338}"
EndProject
Project("{9A19103F-16F7-4668-BE54-9A1E7A4F7556}") = "Metodos-Retorno", "Metodos-Retorno\Metodos-Retorno.csproj", "{1935B212-DD56-4CA5-8668-6D234D89164E}"
EndProject
Project("{9A19103F-16F7-4668-BE54-9A1E7A4F7556}") = "Metodos-Sobrecarga", "Metodos-Sobrecarga\Metodos-Sobrecarga.csproj", "{5C137DAB-9E75-4CA8-8641-7DC26C061D5F}"
EndProject
Project("{9A19103F-16F7-4668-BE54-9A1E7A4F7556}") = "ArgumentosPorValor", "ArgumentosPorValor\ArgumentosPorValor.csproj", "{0F03FC51-B9A4-4B42-9CC5-22B1ED88F2F9}"
EndProject
Project("{9A19103F-16F7-4668-BE54-9A1E7A4F7556}") = "ArgumentosPorReferencia-Ref", "ArgumentosPorReferencia-Ref\ArgumentosPorReferencia-Ref.csproj", "{7C30BCFC-2A11-481D-8F89-7D583F0D45B5}"
EndProject
Project("{9A19103F-16F7-4668-BE54-9A1E7A4F7556}") = "ArgumentosPorReferencia-Out", "ArgumentosPorReferencia-Out\ArgumentosPorReferencia-Out.csproj", "{39CBA1A4-7FFE-4E0A-94B6-AF2111B00190}"
EndProject
Project("{9A19103F-16F7-4668-BE54-9A1E7A4F7556}") = "ArgumentosNomeados", "ArgumentosNomeados\ArgumentosNomeados.csproj", "{063EB51D-9FF8-4E13-9FE8-474F7D95009A}"
EndProject
Project("{9A19103F-16F7-4668-BE54-9A1E7A4F7556}") = "ParametrosOpcionais", "ParametrosOpcionais\ParametrosOpcionais.csproj", "{DA115C7A-7888-4B65-9BE5-CF27ADF9DC59}"
EndProject
Project("{9A19103F-16F7-4668-BE54-9A1E7A4F7556}") = "MetodosEstaticos", "MetodosEstaticos\MetodosEstaticos.csproj", "{E17E8320-D025-49A5-A948-BBDAED72E2E7}"
EndProject
Project("{9A19103F-16F7-4668-BE54-9A1E7A4F7556}") = "MembrosEstaticos", "MembrosEstaticos\MembrosEstaticos.csproj", "{1C4E0FFE-CAF2-46CE-A025-F855F04E3B1C}"
EndProject
Project("{9A19103F-16F7-4668-BE54-9A1E7A4F7556}") = "ConstrutorEstatico", "ConstrutorEstatico\ConstrutorEstatico.csproj", "{DEFE4DEF-F041-4933-BFA2-5878211E1AC1}"
EndProject
Project("{9A19103F-16F7-4668-BE54-9A1E7A4F7556}") = "Propriedades", "Propriedades\Propriedades.csproj", "{E2C636C1-6487-4489-9365-9637731A086C}"
EndProject
Project("{9A19103F-16F7-4668-BE54-9A1E7A4F7556}") = "Structs", "Structs\Structs.csproj", "{0AF2EB11-B1C1-4782-B479-F5C4E94D6E6B}"
EndProject
Project("{9A19103F-16F7-4668-BE54-9A1E7A4F7556}") = "Enums", "Enums\Enums.csproj", "{A0E4657B-6CAD-432C-85D1-FD99F0351921}"
EndProject
Project("{FAE04EC0-301F-11D3-BF4B-00C04F79EFBC}") = "Try-Catch", "Try-Catch\Try-Catch.csproj", "{EF09ADE7-D22C-48DE-809F-4A55906CDEEC}"
EndProject
Global
	GlobalSection(SolutionConfigurationPlatforms) = preSolution
		Debug|Any CPU = Debug|Any CPU
		Release|Any CPU = Release|Any CPU
	EndGlobalSection
	GlobalSection(ProjectConfigurationPlatforms) = postSolution
		{DD8B8A9C-4D29-4CC1-A021-AC5C2218214D}.Debug|Any CPU.ActiveCfg = Debug|Any CPU
		{DD8B8A9C-4D29-4CC1-A021-AC5C2218214D}.Debug|Any CPU.Build.0 = Debug|Any CPU
		{DD8B8A9C-4D29-4CC1-A021-AC5C2218214D}.Release|Any CPU.ActiveCfg = Release|Any CPU
		{DD8B8A9C-4D29-4CC1-A021-AC5C2218214D}.Release|Any CPU.Build.0 = Release|Any CPU
		{5F9E202F-F922-4682-AC63-71CC48AFE6F2}.Debug|Any CPU.ActiveCfg = Debug|Any CPU
		{5F9E202F-F922-4682-AC63-71CC48AFE6F2}.Debug|Any CPU.Build.0 = Debug|Any CPU
		{5F9E202F-F922-4682-AC63-71CC48AFE6F2}.Release|Any CPU.ActiveCfg = Release|Any CPU
		{5F9E202F-F922-4682-AC63-71CC48AFE6F2}.Release|Any CPU.Build.0 = Release|Any CPU
		{A442E44B-10C8-413D-BF93-BF6997BE369F}.Debug|Any CPU.ActiveCfg = Debug|Any CPU
		{A442E44B-10C8-413D-BF93-BF6997BE369F}.Debug|Any CPU.Build.0 = Debug|Any CPU
		{A442E44B-10C8-413D-BF93-BF6997BE369F}.Release|Any CPU.ActiveCfg = Release|Any CPU
		{A442E44B-10C8-413D-BF93-BF6997BE369F}.Release|Any CPU.Build.0 = Release|Any CPU
		{EFCF72D0-0F76-4280-BA80-12164AC47766}.Debug|Any CPU.ActiveCfg = Debug|Any CPU
		{EFCF72D0-0F76-4280-BA80-12164AC47766}.Debug|Any CPU.Build.0 = Debug|Any CPU
		{EFCF72D0-0F76-4280-BA80-12164AC47766}.Release|Any CPU.ActiveCfg = Release|Any CPU
		{EFCF72D0-0F76-4280-BA80-12164AC47766}.Release|Any CPU.Build.0 = Release|Any CPU
		{480214DF-5374-4F62-9956-19D1A92E045B}.Debug|Any CPU.ActiveCfg = Debug|Any CPU
		{480214DF-5374-4F62-9956-19D1A92E045B}.Debug|Any CPU.Build.0 = Debug|Any CPU
		{480214DF-5374-4F62-9956-19D1A92E045B}.Release|Any CPU.ActiveCfg = Release|Any CPU
		{480214DF-5374-4F62-9956-19D1A92E045B}.Release|Any CPU.Build.0 = Release|Any CPU
		{712D0376-6F18-41BC-9200-51A6A97BE032}.Debug|Any CPU.ActiveCfg = Debug|Any CPU
		{712D0376-6F18-41BC-9200-51A6A97BE032}.Debug|Any CPU.Build.0 = Debug|Any CPU
		{712D0376-6F18-41BC-9200-51A6A97BE032}.Release|Any CPU.ActiveCfg = Release|Any CPU
		{712D0376-6F18-41BC-9200-51A6A97BE032}.Release|Any CPU.Build.0 = Release|Any CPU
		{AB2B3549-4223-4B3E-AED8-CCD7B4C32338}.Debug|Any CPU.ActiveCfg = Debug|Any CPU
		{AB2B3549-4223-4B3E-AED8-CCD7B4C32338}.Debug|Any CPU.Build.0 = Debug|Any CPU
		{AB2B3549-4223-4B3E-AED8-CCD7B4C32338}.Release|Any CPU.ActiveCfg = Release|Any CPU
		{AB2B3549-4223-4B3E-AED8-CCD7B4C32338}.Release|Any CPU.Build.0 = Release|Any CPU
		{1935B212-DD56-4CA5-8668-6D234D89164E}.Debug|Any CPU.ActiveCfg = Debug|Any CPU
		{1935B212-DD56-4CA5-8668-6D234D89164E}.Debug|Any CPU.Build.0 = Debug|Any CPU
		{1935B212-DD56-4CA5-8668-6D234D89164E}.Release|Any CPU.ActiveCfg = Release|Any CPU
		{1935B212-DD56-4CA5-8668-6D234D89164E}.Release|Any CPU.Build.0 = Release|Any CPU
		{5C137DAB-9E75-4CA8-8641-7DC26C061D5F}.Debug|Any CPU.ActiveCfg = Debug|Any CPU
		{5C137DAB-9E75-4CA8-8641-7DC26C061D5F}.Debug|Any CPU.Build.0 = Debug|Any CPU
		{5C137DAB-9E75-4CA8-8641-7DC26C061D5F}.Release|Any CPU.ActiveCfg = Release|Any CPU
		{5C137DAB-9E75-4CA8-8641-7DC26C061D5F}.Release|Any CPU.Build.0 = Release|Any CPU
		{0F03FC51-B9A4-4B42-9CC5-22B1ED88F2F9}.Debug|Any CPU.ActiveCfg = Debug|Any CPU
		{0F03FC51-B9A4-4B42-9CC5-22B1ED88F2F9}.Debug|Any CPU.Build.0 = Debug|Any CPU
		{0F03FC51-B9A4-4B42-9CC5-22B1ED88F2F9}.Release|Any CPU.ActiveCfg = Release|Any CPU
		{0F03FC51-B9A4-4B42-9CC5-22B1ED88F2F9}.Release|Any CPU.Build.0 = Release|Any CPU
		{7C30BCFC-2A11-481D-8F89-7D583F0D45B5}.Debug|Any CPU.ActiveCfg = Debug|Any CPU
		{7C30BCFC-2A11-481D-8F89-7D583F0D45B5}.Debug|Any CPU.Build.0 = Debug|Any CPU
		{7C30BCFC-2A11-481D-8F89-7D583F0D45B5}.Release|Any CPU.ActiveCfg = Release|Any CPU
		{7C30BCFC-2A11-481D-8F89-7D583F0D45B5}.Release|Any CPU.Build.0 = Release|Any CPU
		{39CBA1A4-7FFE-4E0A-94B6-AF2111B00190}.Debug|Any CPU.ActiveCfg = Debug|Any CPU
		{39CBA1A4-7FFE-4E0A-94B6-AF2111B00190}.Debug|Any CPU.Build.0 = Debug|Any CPU
		{39CBA1A4-7FFE-4E0A-94B6-AF2111B00190}.Release|Any CPU.ActiveCfg = Release|Any CPU
		{39CBA1A4-7FFE-4E0A-94B6-AF2111B00190}.Release|Any CPU.Build.0 = Release|Any CPU
		{063EB51D-9FF8-4E13-9FE8-474F7D95009A}.Debug|Any CPU.ActiveCfg = Debug|Any CPU
		{063EB51D-9FF8-4E13-9FE8-474F7D95009A}.Debug|Any CPU.Build.0 = Debug|Any CPU
		{063EB51D-9FF8-4E13-9FE8-474F7D95009A}.Release|Any CPU.ActiveCfg = Release|Any CPU
		{063EB51D-9FF8-4E13-9FE8-474F7D95009A}.Release|Any CPU.Build.0 = Release|Any CPU
		{DA115C7A-7888-4B65-9BE5-CF27ADF9DC59}.Debug|Any CPU.ActiveCfg = Debug|Any CPU
		{DA115C7A-7888-4B65-9BE5-CF27ADF9DC59}.Debug|Any CPU.Build.0 = Debug|Any CPU
		{DA115C7A-7888-4B65-9BE5-CF27ADF9DC59}.Release|Any CPU.ActiveCfg = Release|Any CPU
		{DA115C7A-7888-4B65-9BE5-CF27ADF9DC59}.Release|Any CPU.Build.0 = Release|Any CPU
		{E17E8320-D025-49A5-A948-BBDAED72E2E7}.Debug|Any CPU.ActiveCfg = Debug|Any CPU
		{E17E8320-D025-49A5-A948-BBDAED72E2E7}.Debug|Any CPU.Build.0 = Debug|Any CPU
		{E17E8320-D025-49A5-A948-BBDAED72E2E7}.Release|Any CPU.ActiveCfg = Release|Any CPU
		{E17E8320-D025-49A5-A948-BBDAED72E2E7}.Release|Any CPU.Build.0 = Release|Any CPU
		{1C4E0FFE-CAF2-46CE-A025-F855F04E3B1C}.Debug|Any CPU.ActiveCfg = Debug|Any CPU
		{1C4E0FFE-CAF2-46CE-A025-F855F04E3B1C}.Debug|Any CPU.Build.0 = Debug|Any CPU
		{1C4E0FFE-CAF2-46CE-A025-F855F04E3B1C}.Release|Any CPU.ActiveCfg = Release|Any CPU
		{1C4E0FFE-CAF2-46CE-A025-F855F04E3B1C}.Release|Any CPU.Build.0 = Release|Any CPU
		{DEFE4DEF-F041-4933-BFA2-5878211E1AC1}.Debug|Any CPU.ActiveCfg = Debug|Any CPU
		{DEFE4DEF-F041-4933-BFA2-5878211E1AC1}.Debug|Any CPU.Build.0 = Debug|Any CPU
		{DEFE4DEF-F041-4933-BFA2-5878211E1AC1}.Release|Any CPU.ActiveCfg = Release|Any CPU
		{DEFE4DEF-F041-4933-BFA2-5878211E1AC1}.Release|Any CPU.Build.0 = Release|Any CPU
		{E2C636C1-6487-4489-9365-9637731A086C}.Debug|Any CPU.ActiveCfg = Debug|Any CPU
		{E2C636C1-6487-4489-9365-9637731A086C}.Debug|Any CPU.Build.0 = Debug|Any CPU
		{E2C636C1-6487-4489-9365-9637731A086C}.Release|Any CPU.ActiveCfg = Release|Any CPU
		{E2C636C1-6487-4489-9365-9637731A086C}.Release|Any CPU.Build.0 = Release|Any CPU
		{0AF2EB11-B1C1-4782-B479-F5C4E94D6E6B}.Debug|Any CPU.ActiveCfg = Debug|Any CPU
		{0AF2EB11-B1C1-4782-B479-F5C4E94D6E6B}.Debug|Any CPU.Build.0 = Debug|Any CPU
		{0AF2EB11-B1C1-4782-B479-F5C4E94D6E6B}.Release|Any CPU.ActiveCfg = Release|Any CPU
		{0AF2EB11-B1C1-4782-B479-F5C4E94D6E6B}.Release|Any CPU.Build.0 = Release|Any CPU
		{A0E4657B-6CAD-432C-85D1-FD99F0351921}.Debug|Any CPU.ActiveCfg = Debug|Any CPU
		{A0E4657B-6CAD-432C-85D1-FD99F0351921}.Debug|Any CPU.Build.0 = Debug|Any CPU
		{A0E4657B-6CAD-432C-85D1-FD99F0351921}.Release|Any CPU.ActiveCfg = Release|Any CPU
		{A0E4657B-6CAD-432C-85D1-FD99F0351921}.Release|Any CPU.Build.0 = Release|Any CPU
		{EF09ADE7-D22C-48DE-809F-4A55906CDEEC}.Debug|Any CPU.ActiveCfg = Debug|Any CPU
		{EF09ADE7-D22C-48DE-809F-4A55906CDEEC}.Debug|Any CPU.Build.0 = Debug|Any CPU
		{EF09ADE7-D22C-48DE-809F-4A55906CDEEC}.Release|Any CPU.ActiveCfg = Release|Any CPU
		{EF09ADE7-D22C-48DE-809F-4A55906CDEEC}.Release|Any CPU.Build.0 = Release|Any CPU
	EndGlobalSection
	GlobalSection(SolutionProperties) = preSolution
		HideSolutionNode = FALSE
	EndGlobalSection
	GlobalSection(ExtensibilityGlobals) = postSolution
		SolutionGuid = {12D42E56-A383-46EC-943B-99BD9635EAB3}
	EndGlobalSection
EndGlobal
