
Microsoft Visual Studio Solution File, Format Version 12.00
# Visual Studio Version 17
VisualStudioVersion = 17.7.34003.232
MinimumVisualStudioVersion = 10.0.40219.1
Project("{FAE04EC0-301F-11D3-BF4B-00C04F79EFBC}") = "Classes", "Classes\Classes.csproj", "{DD8B8A9C-4D29-4CC1-A021-AC5C2218214D}"
EndProject
Project("{FAE04EC0-301F-11D3-BF4B-00C04F79EFBC}") = "Objetos", "Objetos\Objetos.csproj", "{5F9E202F-F922-4682-AC63-71CC48AFE6F2}"
EndProject
Global
	GlobalSection(SolutionConfigurationPlatforms) = preSolution
		Debug|Any CPU = Debug|Any CPU
		Release|Any CPU = Release|Any CPU
	EndGlobalSection
	GlobalSection(ProjectConfigurationPlatforms) = postSolution
		{DD8B8A9C-4D29-4CC1-A021-AC5C2218214D}.Debug|Any CPU.ActiveCfg = Debug|Any CPU
		{DD8B8A9C-4D29-4CC1-A021-AC5C2218214D}.Debug|Any CPU.Build.0 = Debug|Any CPU
		{DD8B8A9C-4D29-4CC1-A021-AC5C2218214D}.Release|Any CPU.ActiveCfg = Release|Any CPU
		{DD8B8A9C-4D29-4CC1-A021-AC5C2218214D}.Release|Any CPU.Build.0 = Release|Any CPU
		{5F9E202F-F922-4682-AC63-71CC48AFE6F2}.Debug|Any CPU.ActiveCfg = Debug|Any CPU
		{5F9E202F-F922-4682-AC63-71CC48AFE6F2}.Debug|Any CPU.Build.0 = Debug|Any CPU
		{5F9E202F-F922-4682-AC63-71CC48AFE6F2}.Release|Any CPU.ActiveCfg = Release|Any CPU
		{5F9E202F-F922-4682-AC63-71CC48AFE6F2}.Release|Any CPU.Build.0 = Release|Any CPU
	EndGlobalSection
	GlobalSection(SolutionProperties) = preSolution
		HideSolutionNode = FALSE
	EndGlobalSection
	GlobalSection(ExtensibilityGlobals) = postSolution
		SolutionGuid = {12D42E56-A383-46EC-943B-99BD9635EAB3}
	EndGlobalSection
EndGlobal
